Microsoft Visual Studio Solution File, Format Version 12.00
# Visual Studio Version 17
VisualStudioVersion = 17.5.2.0
MinimumVisualStudioVersion = 10.0.40219.1
Project("{FAE04EC0-301F-11D3-BF4B-00C04F79EFBC}") = "Translator_CLI", "Translator_CLI\Translator_CLI.csproj", "{9C009B56-E4EC-6DD1-B911-BF166F09A035}"
EndProject
Global
	GlobalSection(SolutionConfigurationPlatforms) = preSolution
		Debug|Any CPU = Debug|Any CPU
		Release|Any CPU = Release|Any CPU
	EndGlobalSection
	GlobalSection(ProjectConfigurationPlatforms) = postSolution
		{9C009B56-E4EC-6DD1-B911-BF166F09A035}.Debug|Any CPU.ActiveCfg = Debug|Any CPU
		{9C009B56-E4EC-6DD1-B911-BF166F09A035}.Debug|Any CPU.Build.0 = Debug|Any CPU
		{9C009B56-E4EC-6DD1-B911-BF166F09A035}.Release|Any CPU.ActiveCfg = Release|Any CPU
		{9C009B56-E4EC-6DD1-B911-BF166F09A035}.Release|Any CPU.Build.0 = Release|Any CPU
	EndGlobalSection
	GlobalSection(SolutionProperties) = preSolution
		HideSolutionNode = FALSE
	EndGlobalSection
	GlobalSection(ExtensibilityGlobals) = postSolution
		SolutionGuid = {BE7DAEBD-10A0-45EF-9401-156E5E9D0278}
	EndGlobalSection
EndGlobal
